# THIS IS AN AUTOGENERATED FILE. DO NOT EDIT THIS FILE DIRECTLY.
# yarn lockfile v1


"@types/faker@^4.1.12":
  version "4.1.12"
  resolved "https://registry.yarnpkg.com/@types/faker/-/faker-4.1.12.tgz#065d37343677df1aa757c622650bd14666c42602"
  integrity sha512-0MEyzJrLLs1WaOCx9ULK6FzdCSj2EuxdSP9kvuxxdBEGujZYUOZ4vkPXdgu3dhyg/pOdn7VCatelYX7k0YShlA==

"@types/googlemaps@^3.39.13":
  version "3.39.13"
  resolved "https://registry.yarnpkg.com/@types/googlemaps/-/googlemaps-3.39.13.tgz#a2649ac618cb15bd04ad8700c41693c8c1f90e21"
  integrity sha512-R/k5WKe8zQHo9oFRINuX/1haKYRkKEfItnBGrSjspbXXITakRdsj6daQIdL1+Pt84lnzduWurxNA5k0fgPMQUg==

faker@^5.1.0:
  version "5.1.0"
  resolved "https://registry.yarnpkg.com/faker/-/faker-5.1.0.tgz#e10fa1dec4502551aee0eb771617a7e7b94692e8"
  integrity sha512-RrWKFSSA/aNLP0g3o2WW1Zez7/MnMr7xkiZmoCfAGZmdkDQZ6l2KtuXHN5XjdvpRjDl8+3vf+Rrtl06Z352+Mw==

typescript@^4.0.2:
  version "4.0.2"
  resolved "https://registry.yarnpkg.com/typescript/-/typescript-4.0.2.tgz#7ea7c88777c723c681e33bf7988be5d008d05ac2"
  integrity sha512-e4ERvRV2wb+rRZ/IQeb3jm2VxBsirQLpQhdxplZ2MEzGvDkkMmPglecnNDfSUBivMjP93vRbngYYDQqQ/78bcQ==
